github.com/gatling/gatling.io-doc-theme v0.0.0-20260921080402-73fbea6d91de h1:3erw6pDLbNvrMt9yrg/Gv/zcT+5IzEJZGl3GWxihpdM=
github.com/gatling/gatling.io-doc-theme v0.0.0-20260921080402-73fbea6d91de/go.mod h1:q2RpTuVUXT+jUnxSYPE8PlIYZzcUnQQutSvxlUs90uo=
github.com/gatling/gatling.io-doc-theme v0.0.0-20260928080008-8706cc7cc816 h1:QcjyUOR1nfidrJ/LRldZJvbuBrKTygbgIJ7Hh9Kd9Dw=
github.com/gatling/gatling.io-doc-theme v0.0.0-20260928080008-8706cc7cc816/go.mod h1:q2RpTuVUXT+jUnxSYPE8PlIYZzcUnQQutSvxlUs90uo=
