github.com/gatling/gatling.io-doc-theme v0.0.0-20260121071204-6f26955bb2af h1:JF59+nQTIf4nlqwoCUa4NtFNKC/Ko0Yu30YL7MvXAmw=
github.com/gatling/gatling.io-doc-theme v0.0.0-20260121071204-6f26955bb2af/go.mod h1:1Cdzj3kPUrXqWMJfCRFNQGDTv1S/fy2wP45JW3CDadA=
github.com/gatling/gatling.io-doc-theme v0.0.0-20260223083413-e37a11b1c634 h1:RSKFn1+vwqkZVn4XV/dCIDGiE0X/wLtsUWdHUgWwYt4=
github.com/gatling/gatling.io-doc-theme v0.0.0-20260223083413-e37a11b1c634/go.mod h1:1Cdzj3kPUrXqWMJfCRFNQGDTv1S/fy2wP45JW3CDadA=
